
Microsoft Visual Studio Solution File, Format Version 12.00
# Visual Studio Version 17
VisualStudioVersion = 17.9.34616.47
MinimumVisualStudioVersion = 10.0.40219.1
Project("{8BC9CEB8-8B4A-11D0-8D11-00A0C91BC942}") = "COSC 2436 - Topic 3 - Stacks", "COSC 2436 - Topic 3 - Stacks\COSC 2436 - Topic 3 - Stacks.vcxproj", "{5866E024-5B81-4F53-8042-0A9FD6079C5D}"
EndProject
Project("{8BC9CEB8-8B4A-11D0-8D11-00A0C91BC942}") = "Mar5-firstDayOnStacks", "Mar5-firstDayOnStacks\Mar5-firstDayOnStacks.vcxproj", "{AEDA793F-9B50-4DE8-B613-520AEF0AB350}"
EndProject
Project("{8BC9CEB8-8B4A-11D0-8D11-00A0C91BC942}") = "demoingBalancedExpressionChecker", "demoingBalancedExpressionChecker\demoingBalancedExpressionChecker.vcxproj", "{6508DD30-3FAB-45F3-AA49-EC9FBFEFAA93}"
EndProject
Project("{8BC9CEB8-8B4A-11D0-8D11-00A0C91BC942}") = "OneSubmissionOfLab2b", "OneSubmissionOfLab2b\OneSubmissionOfLab2b.vcxproj", "{1404E6A9-94E4-425B-89EA-53FA12C76E13}"
EndProject
Project("{8BC9CEB8-8B4A-11D0-8D11-00A0C91BC942}") = "Mar7-finishingStacks", "Mar7-finishingStacks\Mar7-finishingStacks.vcxproj", "{34DE2EB3-39A1-4470-87E5-1AC505DE371C}"
EndProject
Project("{8BC9CEB8-8B4A-11D0-8D11-00A0C91BC942}") = "aFewMoreApplicationsOfStacks-Mar7", "aFewMoreApplicationsOfStacks-Mar7\aFewMoreApplicationsOfStacks-Mar7.vcxproj", "{FF311CDD-1F53-484A-9C17-FBF29251F00F}"
EndProject
Project("{8BC9CEB8-8B4A-11D0-8D11-00A0C91BC942}") = "OneSubmissionOfLab3a", "OneSubmissionOfLab3a\OneSubmissionOfLab3a.vcxproj", "{28DD80F1-3929-4F6B-BC11-AEDCEBDFB9C9}"
EndProject
Global
	GlobalSection(SolutionConfigurationPlatforms) = preSolution
		Debug|x64 = Debug|x64
		Debug|x86 = Debug|x86
		Release|x64 = Release|x64
		Release|x86 = Release|x86
	EndGlobalSection
	GlobalSection(ProjectConfigurationPlatforms) = postSolution
		{5866E024-5B81-4F53-8042-0A9FD6079C5D}.Debug|x64.ActiveCfg = Debug|x64
		{5866E024-5B81-4F53-8042-0A9FD6079C5D}.Debug|x64.Build.0 = Debug|x64
		{5866E024-5B81-4F53-8042-0A9FD6079C5D}.Debug|x86.ActiveCfg = Debug|Win32
		{5866E024-5B81-4F53-8042-0A9FD6079C5D}.Debug|x86.Build.0 = Debug|Win32
		{5866E024-5B81-4F53-8042-0A9FD6079C5D}.Release|x64.ActiveCfg = Release|x64
		{5866E024-5B81-4F53-8042-0A9FD6079C5D}.Release|x64.Build.0 = Release|x64
		{5866E024-5B81-4F53-8042-0A9FD6079C5D}.Release|x86.ActiveCfg = Release|Win32
		{5866E024-5B81-4F53-8042-0A9FD6079C5D}.Release|x86.Build.0 = Release|Win32
		{AEDA793F-9B50-4DE8-B613-520AEF0AB350}.Debug|x64.ActiveCfg = Debug|x64
		{AEDA793F-9B50-4DE8-B613-520AEF0AB350}.Debug|x64.Build.0 = Debug|x64
		{AEDA793F-9B50-4DE8-B613-520AEF0AB350}.Debug|x86.ActiveCfg = Debug|Win32
		{AEDA793F-9B50-4DE8-B613-520AEF0AB350}.Debug|x86.Build.0 = Debug|Win32
		{AEDA793F-9B50-4DE8-B613-520AEF0AB350}.Release|x64.ActiveCfg = Release|x64
		{AEDA793F-9B50-4DE8-B613-520AEF0AB350}.Release|x64.Build.0 = Release|x64
		{AEDA793F-9B50-4DE8-B613-520AEF0AB350}.Release|x86.ActiveCfg = Release|Win32
		{AEDA793F-9B50-4DE8-B613-520AEF0AB350}.Release|x86.Build.0 = Release|Win32
		{6508DD30-3FAB-45F3-AA49-EC9FBFEFAA93}.Debug|x64.ActiveCfg = Debug|x64
		{6508DD30-3FAB-45F3-AA49-EC9FBFEFAA93}.Debug|x64.Build.0 = Debug|x64
		{6508DD30-3FAB-45F3-AA49-EC9FBFEFAA93}.Debug|x86.ActiveCfg = Debug|Win32
		{6508DD30-3FAB-45F3-AA49-EC9FBFEFAA93}.Debug|x86.Build.0 = Debug|Win32
		{6508DD30-3FAB-45F3-AA49-EC9FBFEFAA93}.Release|x64.ActiveCfg = Release|x64
		{6508DD30-3FAB-45F3-AA49-EC9FBFEFAA93}.Release|x64.Build.0 = Release|x64
		{6508DD30-3FAB-45F3-AA49-EC9FBFEFAA93}.Release|x86.ActiveCfg = Release|Win32
		{6508DD30-3FAB-45F3-AA49-EC9FBFEFAA93}.Release|x86.Build.0 = Release|Win32
		{1404E6A9-94E4-425B-89EA-53FA12C76E13}.Debug|x64.ActiveCfg = Debug|x64
		{1404E6A9-94E4-425B-89EA-53FA12C76E13}.Debug|x64.Build.0 = Debug|x64
		{1404E6A9-94E4-425B-89EA-53FA12C76E13}.Debug|x86.ActiveCfg = Debug|Win32
		{1404E6A9-94E4-425B-89EA-53FA12C76E13}.Debug|x86.Build.0 = Debug|Win32
		{1404E6A9-94E4-425B-89EA-53FA12C76E13}.Release|x64.ActiveCfg = Release|x64
		{1404E6A9-94E4-425B-89EA-53FA12C76E13}.Release|x64.Build.0 = Release|x64
		{1404E6A9-94E4-425B-89EA-53FA12C76E13}.Release|x86.ActiveCfg = Release|Win32
		{1404E6A9-94E4-425B-89EA-53FA12C76E13}.Release|x86.Build.0 = Release|Win32
		{34DE2EB3-39A1-4470-87E5-1AC505DE371C}.Debug|x64.ActiveCfg = Debug|x64
		{34DE2EB3-39A1-4470-87E5-1AC505DE371C}.Debug|x64.Build.0 = Debug|x64
		{34DE2EB3-39A1-4470-87E5-1AC505DE371C}.Debug|x86.ActiveCfg = Debug|Win32
		{34DE2EB3-39A1-4470-87E5-1AC505DE371C}.Debug|x86.Build.0 = Debug|Win32
		{34DE2EB3-39A1-4470-87E5-1AC505DE371C}.Release|x64.ActiveCfg = Release|x64
		{34DE2EB3-39A1-4470-87E5-1AC505DE371C}.Release|x64.Build.0 = Release|x64
		{34DE2EB3-39A1-4470-87E5-1AC505DE371C}.Release|x86.ActiveCfg = Release|Win32
		{34DE2EB3-39A1-4470-87E5-1AC505DE371C}.Release|x86.Build.0 = Release|Win32
		{FF311CDD-1F53-484A-9C17-FBF29251F00F}.Debug|x64.ActiveCfg = Debug|x64
		{FF311CDD-1F53-484A-9C17-FBF29251F00F}.Debug|x64.Build.0 = Debug|x64
		{FF311CDD-1F53-484A-9C17-FBF29251F00F}.Debug|x86.ActiveCfg = Debug|Win32
		{FF311CDD-1F53-484A-9C17-FBF29251F00F}.Debug|x86.Build.0 = Debug|Win32
		{FF311CDD-1F53-484A-9C17-FBF29251F00F}.Release|x64.ActiveCfg = Release|x64
		{FF311CDD-1F53-484A-9C17-FBF29251F00F}.Release|x64.Build.0 = Release|x64
		{FF311CDD-1F53-484A-9C17-FBF29251F00F}.Release|x86.ActiveCfg = Release|Win32
		{FF311CDD-1F53-484A-9C17-FBF29251F00F}.Release|x86.Build.0 = Release|Win32
		{28DD80F1-3929-4F6B-BC11-AEDCEBDFB9C9}.Debug|x64.ActiveCfg = Debug|x64
		{28DD80F1-3929-4F6B-BC11-AEDCEBDFB9C9}.Debug|x64.Build.0 = Debug|x64
		{28DD80F1-3929-4F6B-BC11-AEDCEBDFB9C9}.Debug|x86.ActiveCfg = Debug|Win32
		{28DD80F1-3929-4F6B-BC11-AEDCEBDFB9C9}.Debug|x86.Build.0 = Debug|Win32
		{28DD80F1-3929-4F6B-BC11-AEDCEBDFB9C9}.Release|x64.ActiveCfg = Release|x64
		{28DD80F1-3929-4F6B-BC11-AEDCEBDFB9C9}.Release|x64.Build.0 = Release|x64
		{28DD80F1-3929-4F6B-BC11-AEDCEBDFB9C9}.Release|x86.ActiveCfg = Release|Win32
		{28DD80F1-3929-4F6B-BC11-AEDCEBDFB9C9}.Release|x86.Build.0 = Release|Win32
	EndGlobalSection
	GlobalSection(SolutionProperties) = preSolution
		HideSolutionNode = FALSE
	EndGlobalSection
	GlobalSection(ExtensibilityGlobals) = postSolution
		SolutionGuid = {7CEA81CE-5AAE-4A21-AB35-F48C8A768CEA}
	EndGlobalSection
EndGlobal
